{
  "object": {
    "pins": [
      {
        "package": "AtomicSwift",
        "repositoryURL": "https://github.com/MarioIannotta/AtomicSwift.git",
        "state": {
          "branch": null,
          "revision": "e00374e6e9f1ef6f5dda489774d79829dff96186",
          "version": "1.2.0"
        }
      }
    ]
  },
  "version": 1
}
