// !$*UTF8*$!
{
	archiveVersion = 1;
	classes = {
	};
	objectVersion = 52;
	objects = {

/* Begin PBXBuildFile section */
		791349F322C658EA009C4E33 /* AtomicSwift in Frameworks */ = {isa = PBXBuildFile; productRef = 791349F222C658EA009C4E33 /* AtomicSwift */; };
		79388E5322C64B6000DF464D /* AppDelegate.swift in Sources */ = {isa = PBXBuildFile; fileRef = 79388E5222C64B6000DF464D /* AppDelegate.swift */; };
		79388E5522C64B6000DF464D /* SceneDelegate.swift in Sources */ = {isa = PBXBuildFile; fileRef = 79388E5422C64B6000DF464D /* SceneDelegate.swift */; };
		79388E5722C64B6000DF464D /* ViewController.swift in Sources */ = {isa = PBXBuildFile; fileRef = 79388E5622C64B6000DF464D /* ViewController.swift */; };
		79388E5A22C64B6000DF464D /* Main.storyboard in Resources */ = {isa = PBXBuildFile; fileRef = 79388E5822C64B6000DF464D /* Main.storyboard */; };
		79388E5C22C64B6200DF464D /* Assets.xcassets in Resources */ = {isa = PBXBuildFile; fileRef = 79388E5B22C64B6200DF464D /* Assets.xcassets */; };
		79388E5F22C64B6200DF464D /* LaunchScreen.storyboard in Resources */ = {isa = PBXBuildFile; fileRef = 79388E5D22C64B6200DF464D /* LaunchScreen.storyboard */; };
/* End PBXBuildFile section */

/* Begin PBXFileReference section */
		79388E4F22C64B6000DF464D /* AtomicSwiftDemo.app */ = {isa = PBXFileReference; explicitFileType = wrapper.application; includeInIndex = 0; path = AtomicSwiftDemo.app; sourceTree = BUILT_PRODUCTS_DIR; };
		79388E5222C64B6000DF464D /* AppDelegate.swift */ = {isa = PBXFileReference; lastKnownFileType = sourcecode.swift; path = AppDelegate.swift; sourceTree = "<group>"; };
		79388E5422C64B6000DF464D /* SceneDelegate.swift */ = {isa = PBXFileReference; lastKnownFileType = sourcecode.swift; path = SceneDelegate.swift; sourceTree = "<group>"; };
		79388E5622C64B6000DF464D /* ViewController.swift */ = {isa = PBXFileReference; lastKnownFileType = sourcecode.swift; path = ViewController.swift; sourceTree = "<group>"; };
		79388E5922C64B6000DF464D /* Base */ = {isa = PBXFileReference; lastKnownFileType = file.storyboard; name = Base; path = Base.lproj/Main.storyboard; sourceTree = "<group>"; };
		79388E5B22C64B6200DF464D /* Assets.xcassets */ = {isa = PBXFileReference; lastKnownFileType = folder.assetcatalog; path = Assets.xcassets; sourceTree = "<group>"; };
		79388E5E22C64B6200DF464D /* Base */ = {isa = PBXFileReference; lastKnownFileType = file.storyboard; name = Base; path = Base.lproj/LaunchScreen.storyboard; sourceTree = "<group>"; };
		79388E6022C64B6200DF464D /* Info.plist */ = {isa = PBXFileReference; lastKnownFileType = text.plist.xml; path = Info.plist; sourceTree = "<group>"; };
/* End PBXFileReference section */

/* Begin PBXFrameworksBuildPhase section */
		79388E4C22C64B6000DF464D /* Frameworks */ = {
			isa = PBXFrameworksBuildPhase;
			buildActionMask = 2147483647;
			files = (
				791349F322C658EA009C4E33 /* AtomicSwift in Frameworks */,
			);
			runOnlyForDeploymentPostprocessing = 0;
		};
/* End PBXFrameworksBuildPhase section */

/* Begin PBXGroup section */
		79388E4622C64B6000DF464D = {
			isa = PBXGroup;
			children = (
				79388E5122C64B6000DF464D /* AtomicSwiftDemo */,
				79388E5022C64B6000DF464D /* Products */,
				79388E6722C64BD500DF464D /* Frameworks */,
			);
			sourceTree = "<group>";
		};
		79388E5022C64B6000DF464D /* Products */ = {
			isa = PBXGroup;
			children = (
				79388E4F22C64B6000DF464D /* AtomicSwiftDemo.app */,
			);
			name = Products;
			sourceTree = "<group>";
		};
		79388E5122C64B6000DF464D /* AtomicSwiftDemo */ = {
			isa = PBXGroup;
			children = (
				79388E5222C64B6000DF464D /* AppDelegate.swift */,
				79388E5422C64B6000DF464D /* SceneDelegate.swift */,
				79388E5622C64B6000DF464D /* ViewController.swift */,
				79388E5822C64B6000DF464D /* Main.storyboard */,
				79388E5B22C64B6200DF464D /* Assets.xcassets */,
				79388E5D22C64B6200DF464D /* LaunchScreen.storyboard */,
				79388E6022C64B6200DF464D /* Info.plist */,
			);
			path = AtomicSwiftDemo;
			sourceTree = "<group>";
		};
		79388E6722C64BD500DF464D /* Frameworks */ = {
			isa = PBXGroup;
			children = (
			);
			name = Frameworks;
			sourceTree = "<group>";
		};
/* End PBXGroup section */

/* Begin PBXNativeTarget section */
		79388E4E22C64B6000DF464D /* AtomicSwiftDemo */ = {
			isa = PBXNativeTarget;
			buildConfigurationList = 79388E6322C64B6200DF464D /* Build configuration list for PBXNativeTarget "AtomicSwiftDemo" */;
			buildPhases = (
				79388E4B22C64B6000DF464D /* Sources */,
				79388E4C22C64B6000DF464D /* Frameworks */,
				79388E4D22C64B6000DF464D /* Resources */,
			);
			buildRules = (
			);
			dependencies = (
			);
			name = AtomicSwiftDemo;
			packageProductDependencies = (
				791349F222C658EA009C4E33 /* AtomicSwift */,
			);
			productName = AtomicSwiftDemo;
			productReference = 79388E4F22C64B6000DF464D /* AtomicSwiftDemo.app */;
			productType = "com.apple.product-type.application";
		};
/* End PBXNativeTarget section */

/* Begin PBXProject section */
		79388E4722C64B6000DF464D /* Project object */ = {
			isa = PBXProject;
			attributes = {
				LastSwiftUpdateCheck = 1100;
				LastUpgradeCheck = 1100;
				ORGANIZATIONNAME = "Mario Iannotta";
				TargetAttributes = {
					79388E4E22C64B6000DF464D = {
						CreatedOnToolsVersion = 11.0;
					};
				};
			};
			buildConfigurationList = 79388E4A22C64B6000DF464D /* Build configuration list for PBXProject "AtomicSwiftDemo" */;
			compatibilityVersion = "Xcode 9.3";
			developmentRegion = en;
			hasScannedForEncodings = 0;
			knownRegions = (
				en,
				Base,
			);
			mainGroup = 79388E4622C64B6000DF464D;
			packageReferences = (
				791349F122C658EA009C4E33 /* XCRemoteSwiftPackageReference "AtomicSwift" */,
			);
			productRefGroup = 79388E5022C64B6000DF464D /* Products */;
			projectDirPath = "";
			projectRoot = "";
			targets = (
				79388E4E22C64B6000DF464D /* AtomicSwiftDemo */,
			);
		};
/* End PBXProject section */

/* Begin PBXResourcesBuildPhase section */
		79388E4D22C64B6000DF464D /* Resources */ = {
			isa = PBXResourcesBuildPhase;
			buildActionMask = 2147483647;
			files = (
				79388E5F22C64B6200DF464D /* LaunchScreen.storyboard in Resources */,
				79388E5C22C64B6200DF464D /* Assets.xcassets in Resources */,
				79388E5A22C64B6000DF464D /* Main.storyboard in Resources */,
			);
			runOnlyForDeploymentPostprocessing = 0;
		};
/* End PBXResourcesBuildPhase section */

/* Begin PBXSourcesBuildPhase section */
		79388E4B22C64B6000DF464D /* Sources */ = {
			isa = PBXSourcesBuildPhase;
			buildActionMask = 2147483647;
			files = (
				79388E5722C64B6000DF464D /* ViewController.swift in Sources */,
				79388E5322C64B6000DF464D /* AppDelegate.swift in Sources */,
				79388E5522C64B6000DF464D /* SceneDelegate.swift in Sources */,
			);
			runOnlyForDeploymentPostprocessing = 0;
		};
/* End PBXSourcesBuildPhase section */

/* Begin PBXVariantGroup section */
		79388E5822C64B6000DF464D /* Main.storyboard */ = {
			isa = PBXVariantGroup;
			children = (
				79388E5922C64B6000DF464D /* Base */,
			);
			name = Main.storyboard;
			sourceTree = "<group>";
		};
		79388E5D22C64B6200DF464D /* LaunchScreen.storyboard */ = {
			isa = PBXVariantGroup;
			children = (
				79388E5E22C64B6200DF464D /* Base */,
			);
			name = LaunchScreen.storyboard;
			sourceTree = "<group>";
		};
/* End PBXVariantGroup section */

/* Begin XCBuildConfiguration section */
		79388E6122C64B6200DF464D /* Debug */ = {
			isa = XCBuildConfiguration;
			buildSettings = {
				ALWAYS_SEARCH_USER_PATHS = NO;
				CLANG_ANALYZER_NONNULL = YES;
				CLANG_ANALYZER_NUMBER_OBJECT_CONVERSION = YES_AGGRESSIVE;
				CLANG_CXX_LANGUAGE_STANDARD = "gnu++14";
				CLANG_CXX_LIBRARY = "libc++";
				CLANG_ENABLE_MODULES = YES;
				CLANG_ENABLE_OBJC_ARC = YES;
				CLANG_ENABLE_OBJC_WEAK = YES;
				CLANG_WARN_BLOCK_CAPTURE_AUTORELEASING = YES;
				CLANG_WARN_BOOL_CONVERSION = YES;
				CLANG_WARN_COMMA = YES;
				CLANG_WARN_CONSTANT_CONVERSION = YES;
				CLANG_WARN_DEPRECATED_OBJC_IMPLEMENTATIONS = YES;
				CLANG_WARN_DIRECT_OBJC_ISA_USAGE = YES_ERROR;
				CLANG_WARN_DOCUMENTATION_COMMENTS = YES;
				CLANG_WARN_EMPTY_BODY = YES;
				CLANG_WARN_ENUM_CONVERSION = YES;
				CLANG_WARN_INFINITE_RECURSION = YES;
				CLANG_WARN_INT_CONVERSION = YES;
				CLANG_WARN_NON_LITERAL_NULL_CONVERSION = YES;
				CLANG_WARN_OBJC_IMPLICIT_RETAIN_SELF = YES;
				CLANG_WARN_OBJC_LITERAL_CONVERSION = YES;
				CLANG_WARN_OBJC_ROOT_CLASS = YES_ERROR;
				CLANG_WARN_RANGE_LOOP_ANALYSIS = YES;
				CLANG_WARN_STRICT_PROTOTYPES = YES;
				CLANG_WARN_SUSPICIOUS_MOVE = YES;
				CLANG_WARN_UNGUARDED_AVAILABILITY = YES_AGGRESSIVE;
				CLANG_WARN_UNREACHABLE_CODE = YES;
				CLANG_WARN__DUPLICATE_METHOD_MATCH = YES;
				COPY_PHASE_STRIP = NO;
				DEBUG_INFORMATION_FORMAT = dwarf;
				ENABLE_STRICT_OBJC_MSGSEND = YES;
				ENABLE_TESTABILITY = YES;
				GCC_C_LANGUAGE_STANDARD = gnu11;
				GCC_DYNAMIC_NO_PIC = NO;
				GCC_NO_COMMON_BLOCKS = YES;
				GCC_OPTIMIZATION_LEVEL = 0;
				GCC_PREPROCESSOR_DEFINITIONS = (
					"DEBUG=1",
					"$(inherited)",
				);
				GCC_WARN_64_TO_32_BIT_CONVERSION = YES;
				GCC_WARN_ABOUT_RETURN_TYPE = YES_ERROR;
				GCC_WARN_UNDECLARED_SELECTOR = YES;
				GCC_WARN_UNINITIALIZED_AUTOS = YES_AGGRESSIVE;
				GCC_WARN_UNUSED_FUNCTION = YES;
				GCC_WARN_UNUSED_VARIABLE = YES;
				IPHONEOS_DEPLOYMENT_TARGET = 13.0;
				MTL_ENABLE_DEBUG_INFO = INCLUDE_SOURCE;
				MTL_FAST_MATH = YES;
				ONLY_ACTIVE_ARCH = YES;
				SDKROOT = iphoneos;
				SWIFT_ACTIVE_COMPILATION_CONDITIONS = DEBUG;
				SWIFT_OPTIMIZATION_LEVEL = "-Onone";
			};
			name = Debug;
		};
		79388E6222C64B6200DF464D /* Release */ = {
			isa = XCBuildConfiguration;
			buildSettings = {
				ALWAYS_SEARCH_USER_PATHS = NO;
				CLANG_ANALYZER_NONNULL = YES;
				CLANG_ANALYZER_NUMBER_OBJECT_CONVERSION = YES_AGGRESSIVE;
				CLANG_CXX_LANGUAGE_STANDARD = "gnu++14";
				CLANG_CXX_LIBRARY = "libc++";
				CLANG_ENABLE_MODULES = YES;
				CLANG_ENABLE_OBJC_ARC = YES;
				CLANG_ENABLE_OBJC_WEAK = YES;
				CLANG_WARN_BLOCK_CAPTURE_AUTORELEASING = YES;
				CLANG_WARN_BOOL_CONVERSION = YES;
				CLANG_WARN_COMMA = YES;
				CLANG_WARN_CONSTANT_CONVERSION = YES;
				CLANG_WARN_DEPRECATED_OBJC_IMPLEMENTATIONS = YES;
				CLANG_WARN_DIRECT_OBJC_ISA_USAGE = YES_ERROR;
				CLANG_WARN_DOCUMENTATION_COMMENTS = YES;
				CLANG_WARN_EMPTY_BODY = YES;
				CLANG_WARN_ENUM_CONVERSION = YES;
				CLANG_WARN_INFINITE_RECURSION = YES;
				CLANG_WARN_INT_CONVERSION = YES;
				CLANG_WARN_NON_LITERAL_NULL_CONVERSION = YES;
				CLANG_WARN_OBJC_IMPLICIT_RETAIN_SELF = YES;
				CLANG_WARN_OBJC_LITERAL_CONVERSION = YES;
				CLANG_WARN_OBJC_ROOT_CLASS = YES_ERROR;
				CLANG_WARN_RANGE_LOOP_ANALYSIS = YES;
				CLANG_WARN_STRICT_PROTOTYPES = YES;
				CLANG_WARN_SUSPICIOUS_MOVE = YES;
				CLANG_WARN_UNGUARDED_AVAILABILITY = YES_AGGRESSIVE;
				CLANG_WARN_UNREACHABLE_CODE = YES;
				CLANG_WARN__DUPLICATE_METHOD_MATCH = YES;
				COPY_PHASE_STRIP = NO;
				DEBUG_INFORMATION_FORMAT = "dwarf-with-dsym";
				ENABLE_NS_ASSERTIONS = NO;
				ENABLE_STRICT_OBJC_MSGSEND = YES;
				GCC_C_LANGUAGE_STANDARD = gnu11;
				GCC_NO_COMMON_BLOCKS = YES;
				GCC_WARN_64_TO_32_BIT_CONVERSION = YES;
				GCC_WARN_ABOUT_RETURN_TYPE = YES_ERROR;
				GCC_WARN_UNDECLARED_SELECTOR = YES;
				GCC_WARN_UNINITIALIZED_AUTOS = YES_AGGRESSIVE;
				GCC_WARN_UNUSED_FUNCTION = YES;
				GCC_WARN_UNUSED_VARIABLE = YES;
				IPHONEOS_DEPLOYMENT_TARGET = 13.0;
				MTL_ENABLE_DEBUG_INFO = NO;
				MTL_FAST_MATH = YES;
				SDKROOT = iphoneos;
				SWIFT_COMPILATION_MODE = wholemodule;
				SWIFT_OPTIMIZATION_LEVEL = "-O";
				VALIDATE_PRODUCT = YES;
			};
			name = Release;
		};
		79388E6422C64B6200DF464D /* Debug */ = {
			isa = XCBuildConfiguration;
			buildSettings = {
				ASSETCATALOG_COMPILER_APPICON_NAME = AppIcon;
				CODE_SIGN_STYLE = Automatic;
				INFOPLIST_FILE = AtomicSwiftDemo/Info.plist;
				LD_RUNPATH_SEARCH_PATHS = (
					"$(inherited)",
					"@executable_path/Frameworks",
				);
				PRODUCT_BUNDLE_IDENTIFIER = com.marioiannotta.AtomicSwiftDemo;
				PRODUCT_NAME = "$(TARGET_NAME)";
				SWIFT_VERSION = 5.0;
				TARGETED_DEVICE_FAMILY = "1,2";
			};
			name = Debug;
		};
		79388E6522C64B6200DF464D /* Release */ = {
			isa = XCBuildConfiguration;
			buildSettings = {
				ASSETCATALOG_COMPILER_APPICON_NAME = AppIcon;
				CODE_SIGN_STYLE = Automatic;
				INFOPLIST_FILE = AtomicSwiftDemo/Info.plist;
				LD_RUNPATH_SEARCH_PATHS = (
					"$(inherited)",
					"@executable_path/Frameworks",
				);
				PRODUCT_BUNDLE_IDENTIFIER = com.marioiannotta.AtomicSwiftDemo;
				PRODUCT_NAME = "$(TARGET_NAME)";
				SWIFT_VERSION = 5.0;
				TARGETED_DEVICE_FAMILY = "1,2";
			};
			name = Release;
		};
/* End XCBuildConfiguration section */

/* Begin XCConfigurationList section */
		79388E4A22C64B6000DF464D /* Build configuration list for PBXProject "AtomicSwiftDemo" */ = {
			isa = XCConfigurationList;
			buildConfigurations = (
				79388E6122C64B6200DF464D /* Debug */,
				79388E6222C64B6200DF464D /* Release */,
			);
			defaultConfigurationIsVisible = 0;
			defaultConfigurationName = Release;
		};
		79388E6322C64B6200DF464D /* Build configuration list for PBXNativeTarget "AtomicSwiftDemo" */ = {
			isa = XCConfigurationList;
			buildConfigurations = (
				79388E6422C64B6200DF464D /* Debug */,
				79388E6522C64B6200DF464D /* Release */,
			);
			defaultConfigurationIsVisible = 0;
			defaultConfigurationName = Release;
		};
/* End XCConfigurationList section */

/* Begin XCRemoteSwiftPackageReference section */
		791349F122C658EA009C4E33 /* XCRemoteSwiftPackageReference "AtomicSwift" */ = {
			isa = XCRemoteSwiftPackageReference;
			repositoryURL = "https://github.com/MarioIannotta/AtomicSwift.git";
			requirement = {
				kind = exactVersion;
				version = 1.0.0;
			};
		};
/* End XCRemoteSwiftPackageReference section */

/* Begin XCSwiftPackageProductDependency section */
		791349F222C658EA009C4E33 /* AtomicSwift */ = {
			isa = XCSwiftPackageProductDependency;
			package = 791349F122C658EA009C4E33 /* XCRemoteSwiftPackageReference "AtomicSwift" */;
			productName = AtomicSwift;
		};
/* End XCSwiftPackageProductDependency section */
	};
	rootObject = 79388E4722C64B6000DF464D /* Project object */;
}
